[[package]]
name = "leb128"
version = "0.2.3"
source = "registry+https://github.com/rust-lang/crates.io-index"

[[package]]
name = "wasm-gen"
version = "0.1.0"
dependencies = [
 "leb128 0.2.3 (registry+https://github.com/rust-lang/crates.io-index)",
]

[metadata]
"checksum leb128 0.2.3 (registry+https://github.com/rust-lang/crates.io-index)" = "667858d20b00532d1f54049323beb1e352df59664d16aa9c2de8a9e257d1e994"
